
Microsoft Visual Studio Solution File, Format Version 12.00
# Visual Studio Version 17
VisualStudioVersion = 17.7.34003.232
MinimumVisualStudioVersion = 10.0.40219.1
Project("{FAE04EC0-301F-11D3-BF4B-00C04F79EFBC}") = "HRIS", "HRIS\HRIS.csproj", "{B0F62C33-A792-40A1-A75D-73322F85004D}"
EndProject
Global
	GlobalSection(SolutionConfigurationPlatforms) = preSolution
		Debug|Any CPU = Debug|Any CPU
		Release|Any CPU = Release|Any CPU
	EndGlobalSection
	GlobalSection(ProjectConfigurationPlatforms) = postSolution
		{B0F62C33-A792-40A1-A75D-73322F85004D}.Debug|Any CPU.ActiveCfg = Debug|Any CPU
		{B0F62C33-A792-40A1-A75D-73322F85004D}.Debug|Any CPU.Build.0 = Debug|Any CPU
		{B0F62C33-A792-40A1-A75D-73322F85004D}.Release|Any CPU.ActiveCfg = Release|Any CPU
		{B0F62C33-A792-40A1-A75D-73322F85004D}.Release|Any CPU.Build.0 = Release|Any CPU
	EndGlobalSection
	GlobalSection(SolutionProperties) = preSolution
		HideSolutionNode = FALSE
	EndGlobalSection
	GlobalSection(ExtensibilityGlobals) = postSolution
		SolutionGuid = {4D515B7E-7647-4EDC-9D92-4064FB071C29}
	EndGlobalSection
EndGlobal
